
Microsoft Visual Studio Solution File, Format Version 12.00
# Visual Studio 2012
Project("{FAE04EC0-301F-11D3-BF4B-00C04F79EFBC}") = "UARTMon", "UARTMon\UARTMon.csproj", "{271BFFC4-FE2C-4519-A6AD-A8C973BE7562}"
EndProject
Project("{FAE04EC0-301F-11D3-BF4B-00C04F79EFBC}") = "Launcher", "Launcher\Launcher.csproj", "{A44796AB-2F13-4FA1-929D-F11FA75D65F6}"
	ProjectSection(ProjectDependencies) = postProject
		{271BFFC4-FE2C-4519-A6AD-A8C973BE7562} = {271BFFC4-FE2C-4519-A6AD-A8C973BE7562}
	EndProjectSection
EndProject
Global
	GlobalSection(SolutionConfigurationPlatforms) = preSolution
		Debug|Any CPU = Debug|Any CPU
		Release|Any CPU = Release|Any CPU
	EndGlobalSection
	GlobalSection(ProjectConfigurationPlatforms) = postSolution
		{271BFFC4-FE2C-4519-A6AD-A8C973BE7562}.Debug|Any CPU.ActiveCfg = Debug|Any CPU
		{271BFFC4-FE2C-4519-A6AD-A8C973BE7562}.Debug|Any CPU.Build.0 = Debug|Any CPU
		{271BFFC4-FE2C-4519-A6AD-A8C973BE7562}.Release|Any CPU.ActiveCfg = Release|Any CPU
		{271BFFC4-FE2C-4519-A6AD-A8C973BE7562}.Release|Any CPU.Build.0 = Release|Any CPU
		{A44796AB-2F13-4FA1-929D-F11FA75D65F6}.Debug|Any CPU.ActiveCfg = Debug|Any CPU
		{A44796AB-2F13-4FA1-929D-F11FA75D65F6}.Debug|Any CPU.Build.0 = Debug|Any CPU
		{A44796AB-2F13-4FA1-929D-F11FA75D65F6}.Release|Any CPU.ActiveCfg = Release|Any CPU
		{A44796AB-2F13-4FA1-929D-F11FA75D65F6}.Release|Any CPU.Build.0 = Release|Any CPU
	EndGlobalSection
	GlobalSection(SolutionProperties) = preSolution
		HideSolutionNode = FALSE
	EndGlobalSection
EndGlobal
